{
  "name": "oj-analyzer",
  "lockfileVersion": 3,
  "requires": true,
  "packages": {
    "": {
      "name": "oj-analyzer",
      "dependencies": {
        "@yowasp/clang": "22.0.0-git20542-10"
      }
    },
    "node_modules/@yowasp/clang": {
      "version": "22.0.0-git20542-10",
      "resolved": "https://registry.npmjs.org/@yowasp/clang/-/clang-22.0.0-git20542-10.tgz",
      "integrity": "sha512-V31/z9GrJECKeACTDUyvg2llbEUiFi3bxtL5HSg7H/6sydSxdI/AoVAD9F5ozrfLjotWl0B9rghR87m+DUM/zg==",
      "license": "ISC"
    }
  }
}
